// !$*UTF8*$!
{
	archiveVersion = 1;
	classes = {
	};
	objectVersion = 56;
	objects = {

/* Begin PBXBuildFile section */
		1769241629101667007F42D2 /* AppDelegate.swift in Sources */ = {isa = PBXBuildFile; fileRef = 1769241529101667007F42D2 /* AppDelegate.swift */; };
		1769241829101667007F42D2 /* SceneDelegate.swift in Sources */ = {isa = PBXBuildFile; fileRef = 1769241729101667007F42D2 /* SceneDelegate.swift */; };
		1769241A29101667007F42D2 /* ViewController.swift in Sources */ = {isa = PBXBuildFile; fileRef = 1769241929101667007F42D2 /* ViewController.swift */; };
		1769241D29101667007F42D2 /* Main.storyboard in Resources */ = {isa = PBXBuildFile; fileRef = 1769241B29101667007F42D2 /* Main.storyboard */; };
		1769241F29101667007F42D2 /* Assets.xcassets in Resources */ = {isa = PBXBuildFile; fileRef = 1769241E29101667007F42D2 /* Assets.xcassets */; };
		1769242229101667007F42D2 /* LaunchScreen.storyboard in Resources */ = {isa = PBXBuildFile; fileRef = 1769242029101667007F42D2 /* LaunchScreen.storyboard */; };
		17B407C32915359000A83283 /* AppDelegate.swift in Sources */ = {isa = PBXBuildFile; fileRef = 17B407C22915359000A83283 /* AppDelegate.swift */; };
		17B407C52915359000A83283 /* ViewController.swift in Sources */ = {isa = PBXBuildFile; fileRef = 17B407C42915359000A83283 /* ViewController.swift */; };
		17B407C72915359100A83283 /* Assets.xcassets in Resources */ = {isa = PBXBuildFile; fileRef = 17B407C62915359100A83283 /* Assets.xcassets */; };
		17B407CA2915359100A83283 /* Main.storyboard in Resources */ = {isa = PBXBuildFile; fileRef = 17B407C82915359100A83283 /* Main.storyboard */; };
		17B407D529155BF000A83283 /* Replacements.swift in Sources */ = {isa = PBXBuildFile; fileRef = 17B407D329155BE600A83283 /* Replacements.swift */; };
		17B407D629155BF300A83283 /* Replacements.swift in Sources */ = {isa = PBXBuildFile; fileRef = 17692429291022C3007F42D2 /* Replacements.swift */; };
		17B407D729155BF600A83283 /* Service.swift in Sources */ = {isa = PBXBuildFile; fileRef = 1769242B291022EE007F42D2 /* Service.swift */; };
		17B407D829155C0C00A83283 /* Service.swift in Sources */ = {isa = PBXBuildFile; fileRef = 17B407D129155BDA00A83283 /* Service.swift */; };
		17B407E02915668600A83283 /* WelcomeViewController.swift in Sources */ = {isa = PBXBuildFile; fileRef = 17B407DF2915668600A83283 /* WelcomeViewController.swift */; };
/* End PBXBuildFile section */

/* Begin PBXFileReference section */
		1769241229101667007F42D2 /* Reverse-Translation-iPhone.app */ = {isa = PBXFileReference; explicitFileType = wrapper.application; includeInIndex = 0; path = "Reverse-Translation-iPhone.app"; sourceTree = BUILT_PRODUCTS_DIR; };
		1769241529101667007F42D2 /* AppDelegate.swift */ = {isa = PBXFileReference; lastKnownFileType = sourcecode.swift; path = AppDelegate.swift; sourceTree = "<group>"; };
		1769241729101667007F42D2 /* SceneDelegate.swift */ = {isa = PBXFileReference; lastKnownFileType = sourcecode.swift; path = SceneDelegate.swift; sourceTree = "<group>"; };
		1769241929101667007F42D2 /* ViewController.swift */ = {isa = PBXFileReference; lastKnownFileType = sourcecode.swift; path = ViewController.swift; sourceTree = "<group>"; };
		1769241C29101667007F42D2 /* Base */ = {isa = PBXFileReference; lastKnownFileType = file.storyboard; name = Base; path = Base.lproj/Main.storyboard; sourceTree = "<group>"; };
		1769241E29101667007F42D2 /* Assets.xcassets */ = {isa = PBXFileReference; lastKnownFileType = folder.assetcatalog; path = Assets.xcassets; sourceTree = "<group>"; };
		1769242129101667007F42D2 /* Base */ = {isa = PBXFileReference; lastKnownFileType = file.storyboard; name = Base; path = Base.lproj/LaunchScreen.storyboard; sourceTree = "<group>"; };
		1769242329101667007F42D2 /* Info.plist */ = {isa = PBXFileReference; lastKnownFileType = text.plist.xml; path = Info.plist; sourceTree = "<group>"; };
		17692429291022C3007F42D2 /* Replacements.swift */ = {isa = PBXFileReference; lastKnownFileType = sourcecode.swift; name = Replacements.swift; path = "Reverse-Translation-Mac/Replacements.swift"; sourceTree = SOURCE_ROOT; };
		1769242B291022EE007F42D2 /* Service.swift */ = {isa = PBXFileReference; lastKnownFileType = sourcecode.swift; name = Service.swift; path = "Reverse-Translation-Mac/Service.swift"; sourceTree = SOURCE_ROOT; };
		17B407C02915359000A83283 /* תרגום הפוך.app */ = {isa = PBXFileReference; explicitFileType = wrapper.application; includeInIndex = 0; path = "תרגום הפוך.app"; sourceTree = BUILT_PRODUCTS_DIR; };
		17B407C22915359000A83283 /* AppDelegate.swift */ = {isa = PBXFileReference; lastKnownFileType = sourcecode.swift; path = AppDelegate.swift; sourceTree = "<group>"; };
		17B407C42915359000A83283 /* ViewController.swift */ = {isa = PBXFileReference; lastKnownFileType = sourcecode.swift; path = ViewController.swift; sourceTree = "<group>"; };
		17B407C62915359100A83283 /* Assets.xcassets */ = {isa = PBXFileReference; lastKnownFileType = folder.assetcatalog; path = Assets.xcassets; sourceTree = "<group>"; };
		17B407C92915359100A83283 /* Base */ = {isa = PBXFileReference; lastKnownFileType = file.storyboard; name = Base; path = Base.lproj/Main.storyboard; sourceTree = "<group>"; };
		17B407CB2915359100A83283 /* Reverse_Translation_Mac.entitlements */ = {isa = PBXFileReference; lastKnownFileType = text.plist.entitlements; path = Reverse_Translation_Mac.entitlements; sourceTree = "<group>"; };
		17B407D129155BDA00A83283 /* Service.swift */ = {isa = PBXFileReference; lastKnownFileType = sourcecode.swift; name = Service.swift; path = "../Reverse-Translation/Service.swift"; sourceTree = "<group>"; };
		17B407D329155BE600A83283 /* Replacements.swift */ = {isa = PBXFileReference; lastKnownFileType = sourcecode.swift; name = Replacements.swift; path = "../Reverse-Translation/Replacements.swift"; sourceTree = "<group>"; };
		17B407DF2915668600A83283 /* WelcomeViewController.swift */ = {isa = PBXFileReference; lastKnownFileType = sourcecode.swift; path = WelcomeViewController.swift; sourceTree = "<group>"; };
/* End PBXFileReference section */

/* Begin PBXFrameworksBuildPhase section */
		1769240F29101667007F42D2 /* Frameworks */ = {
			isa = PBXFrameworksBuildPhase;
			buildActionMask = 2147483647;
			files = (
			);
			runOnlyForDeploymentPostprocessing = 0;
		};
		17B407BD2915359000A83283 /* Frameworks */ = {
			isa = PBXFrameworksBuildPhase;
			buildActionMask = 2147483647;
			files = (
			);
			runOnlyForDeploymentPostprocessing = 0;
		};
/* End PBXFrameworksBuildPhase section */

/* Begin PBXGroup section */
		1769240929101667007F42D2 = {
			isa = PBXGroup;
			children = (
				1769241429101667007F42D2 /* Reverse-Translation */,
				17B407C12915359000A83283 /* Reverse-Translation-Mac */,
				1769241329101667007F42D2 /* Products */,
			);
			sourceTree = "<group>";
		};
		1769241329101667007F42D2 /* Products */ = {
			isa = PBXGroup;
			children = (
				1769241229101667007F42D2 /* Reverse-Translation-iPhone.app */,
				17B407C02915359000A83283 /* תרגום הפוך.app */,
			);
			name = Products;
			sourceTree = "<group>";
		};
		1769241429101667007F42D2 /* Reverse-Translation */ = {
			isa = PBXGroup;
			children = (
				1769241529101667007F42D2 /* AppDelegate.swift */,
				1769241729101667007F42D2 /* SceneDelegate.swift */,
				17692429291022C3007F42D2 /* Replacements.swift */,
				1769242B291022EE007F42D2 /* Service.swift */,
				1769241929101667007F42D2 /* ViewController.swift */,
				17B407DF2915668600A83283 /* WelcomeViewController.swift */,
				1769241B29101667007F42D2 /* Main.storyboard */,
				1769241E29101667007F42D2 /* Assets.xcassets */,
				1769242029101667007F42D2 /* LaunchScreen.storyboard */,
				1769242329101667007F42D2 /* Info.plist */,
			);
			path = "Reverse-Translation";
			sourceTree = "<group>";
		};
		17B407C12915359000A83283 /* Reverse-Translation-Mac */ = {
			isa = PBXGroup;
			children = (
				17B407C22915359000A83283 /* AppDelegate.swift */,
				17B407D329155BE600A83283 /* Replacements.swift */,
				17B407C42915359000A83283 /* ViewController.swift */,
				17B407D129155BDA00A83283 /* Service.swift */,
				17B407C62915359100A83283 /* Assets.xcassets */,
				17B407C82915359100A83283 /* Main.storyboard */,
				17B407CB2915359100A83283 /* Reverse_Translation_Mac.entitlements */,
			);
			path = "Reverse-Translation-Mac";
			sourceTree = "<group>";
		};
/* End PBXGroup section */

/* Begin PBXNativeTarget section */
		1769241129101667007F42D2 /* Reverse-Translation-iPhone */ = {
			isa = PBXNativeTarget;
			buildConfigurationList = 1769242629101667007F42D2 /* Build configuration list for PBXNativeTarget "Reverse-Translation-iPhone" */;
			buildPhases = (
				1769240E29101667007F42D2 /* Sources */,
				1769240F29101667007F42D2 /* Frameworks */,
				1769241029101667007F42D2 /* Resources */,
			);
			buildRules = (
			);
			dependencies = (
			);
			name = "Reverse-Translation-iPhone";
			productName = "Reverse-Translation";
			productReference = 1769241229101667007F42D2 /* Reverse-Translation-iPhone.app */;
			productType = "com.apple.product-type.application";
		};
		17B407BF2915359000A83283 /* תרגום הפוך */ = {
			isa = PBXNativeTarget;
			buildConfigurationList = 17B407CC2915359100A83283 /* Build configuration list for PBXNativeTarget "תרגום הפוך" */;
			buildPhases = (
				17B407BC2915359000A83283 /* Sources */,
				17B407BD2915359000A83283 /* Frameworks */,
				17B407BE2915359000A83283 /* Resources */,
			);
			buildRules = (
			);
			dependencies = (
			);
			name = "תרגום הפוך";
			productName = "Reverse-Translation-Mac";
			productReference = 17B407C02915359000A83283 /* תרגום הפוך.app */;
			productType = "com.apple.product-type.application";
		};
/* End PBXNativeTarget section */

/* Begin PBXProject section */
		1769240A29101667007F42D2 /* Project object */ = {
			isa = PBXProject;
			attributes = {
				BuildIndependentTargetsInParallel = 1;
				LastSwiftUpdateCheck = 1400;
				LastUpgradeCheck = 1400;
				TargetAttributes = {
					1769241129101667007F42D2 = {
						CreatedOnToolsVersion = 14.0.1;
					};
					17B407BF2915359000A83283 = {
						CreatedOnToolsVersion = 14.0.1;
					};
				};
			};
			buildConfigurationList = 1769240D29101667007F42D2 /* Build configuration list for PBXProject "Reverse-Translation" */;
			compatibilityVersion = "Xcode 14.0";
			developmentRegion = en;
			hasScannedForEncodings = 0;
			knownRegions = (
				en,
				Base,
			);
			mainGroup = 1769240929101667007F42D2;
			productRefGroup = 1769241329101667007F42D2 /* Products */;
			projectDirPath = "";
			projectRoot = "";
			targets = (
				1769241129101667007F42D2 /* Reverse-Translation-iPhone */,
				17B407BF2915359000A83283 /* תרגום הפוך */,
			);
		};
/* End PBXProject section */

/* Begin PBXResourcesBuildPhase section */
		1769241029101667007F42D2 /* Resources */ = {
			isa = PBXResourcesBuildPhase;
			buildActionMask = 2147483647;
			files = (
				1769242229101667007F42D2 /* LaunchScreen.storyboard in Resources */,
				1769241F29101667007F42D2 /* Assets.xcassets in Resources */,
				1769241D29101667007F42D2 /* Main.storyboard in Resources */,
			);
			runOnlyForDeploymentPostprocessing = 0;
		};
		17B407BE2915359000A83283 /* Resources */ = {
			isa = PBXResourcesBuildPhase;
			buildActionMask = 2147483647;
			files = (
				17B407C72915359100A83283 /* Assets.xcassets in Resources */,
				17B407CA2915359100A83283 /* Main.storyboard in Resources */,
			);
			runOnlyForDeploymentPostprocessing = 0;
		};
/* End PBXResourcesBuildPhase section */

/* Begin PBXSourcesBuildPhase section */
		1769240E29101667007F42D2 /* Sources */ = {
			isa = PBXSourcesBuildPhase;
			buildActionMask = 2147483647;
			files = (
				1769241A29101667007F42D2 /* ViewController.swift in Sources */,
				1769241629101667007F42D2 /* AppDelegate.swift in Sources */,
				17B407D629155BF300A83283 /* Replacements.swift in Sources */,
				17B407E02915668600A83283 /* WelcomeViewController.swift in Sources */,
				1769241829101667007F42D2 /* SceneDelegate.swift in Sources */,
				17B407D729155BF600A83283 /* Service.swift in Sources */,
			);
			runOnlyForDeploymentPostprocessing = 0;
		};
		17B407BC2915359000A83283 /* Sources */ = {
			isa = PBXSourcesBuildPhase;
			buildActionMask = 2147483647;
			files = (
				17B407C52915359000A83283 /* ViewController.swift in Sources */,
				17B407D829155C0C00A83283 /* Service.swift in Sources */,
				17B407D529155BF000A83283 /* Replacements.swift in Sources */,
				17B407C32915359000A83283 /* AppDelegate.swift in Sources */,
			);
			runOnlyForDeploymentPostprocessing = 0;
		};
/* End PBXSourcesBuildPhase section */

/* Begin PBXVariantGroup section */
		1769241B29101667007F42D2 /* Main.storyboard */ = {
			isa = PBXVariantGroup;
			children = (
				1769241C29101667007F42D2 /* Base */,
			);
			name = Main.storyboard;
			sourceTree = "<group>";
		};
		1769242029101667007F42D2 /* LaunchScreen.storyboard */ = {
			isa = PBXVariantGroup;
			children = (
				1769242129101667007F42D2 /* Base */,
			);
			name = LaunchScreen.storyboard;
			sourceTree = "<group>";
		};
		17B407C82915359100A83283 /* Main.storyboard */ = {
			isa = PBXVariantGroup;
			children = (
				17B407C92915359100A83283 /* Base */,
			);
			name = Main.storyboard;
			sourceTree = "<group>";
		};
/* End PBXVariantGroup section */

/* Begin XCBuildConfiguration section */
		1769242429101667007F42D2 /* Debug */ = {
			isa = XCBuildConfiguration;
			buildSettings = {
				ALWAYS_SEARCH_USER_PATHS = NO;
				CLANG_ANALYZER_NONNULL = YES;
				CLANG_ANALYZER_NUMBER_OBJECT_CONVERSION = YES_AGGRESSIVE;
				CLANG_CXX_LANGUAGE_STANDARD = "gnu++20";
				CLANG_ENABLE_MODULES = YES;
				CLANG_ENABLE_OBJC_ARC = YES;
				CLANG_ENABLE_OBJC_WEAK = YES;
				CLANG_WARN_BLOCK_CAPTURE_AUTORELEASING = YES;
				CLANG_WARN_BOOL_CONVERSION = YES;
				CLANG_WARN_COMMA = YES;
				CLANG_WARN_CONSTANT_CONVERSION = YES;
				CLANG_WARN_DEPRECATED_OBJC_IMPLEMENTATIONS = YES;
				CLANG_WARN_DIRECT_OBJC_ISA_USAGE = YES_ERROR;
				CLANG_WARN_DOCUMENTATION_COMMENTS = YES;
				CLANG_WARN_EMPTY_BODY = YES;
				CLANG_WARN_ENUM_CONVERSION = YES;
				CLANG_WARN_INFINITE_RECURSION = YES;
				CLANG_WARN_INT_CONVERSION = YES;
				CLANG_WARN_NON_LITERAL_NULL_CONVERSION = YES;
				CLANG_WARN_OBJC_IMPLICIT_RETAIN_SELF = YES;
				CLANG_WARN_OBJC_LITERAL_CONVERSION = YES;
				CLANG_WARN_OBJC_ROOT_CLASS = YES_ERROR;
				CLANG_WARN_QUOTED_INCLUDE_IN_FRAMEWORK_HEADER = YES;
				CLANG_WARN_RANGE_LOOP_ANALYSIS = YES;
				CLANG_WARN_STRICT_PROTOTYPES = YES;
				CLANG_WARN_SUSPICIOUS_MOVE = YES;
				CLANG_WARN_UNGUARDED_AVAILABILITY = YES_AGGRESSIVE;
				CLANG_WARN_UNREACHABLE_CODE = YES;
				CLANG_WARN__DUPLICATE_METHOD_MATCH = YES;
				COPY_PHASE_STRIP = NO;
				DEBUG_INFORMATION_FORMAT = dwarf;
				ENABLE_STRICT_OBJC_MSGSEND = YES;
				ENABLE_TESTABILITY = YES;
				GCC_C_LANGUAGE_STANDARD = gnu11;
				GCC_DYNAMIC_NO_PIC = NO;
				GCC_NO_COMMON_BLOCKS = YES;
				GCC_OPTIMIZATION_LEVEL = 0;
				GCC_PREPROCESSOR_DEFINITIONS = (
					"DEBUG=1",
					"$(inherited)",
				);
				GCC_WARN_64_TO_32_BIT_CONVERSION = YES;
				GCC_WARN_ABOUT_RETURN_TYPE = YES_ERROR;
				GCC_WARN_UNDECLARED_SELECTOR = YES;
				GCC_WARN_UNINITIALIZED_AUTOS = YES_AGGRESSIVE;
				GCC_WARN_UNUSED_FUNCTION = YES;
				GCC_WARN_UNUSED_VARIABLE = YES;
				IPHONEOS_DEPLOYMENT_TARGET = 16.0;
				MTL_ENABLE_DEBUG_INFO = INCLUDE_SOURCE;
				MTL_FAST_MATH = YES;
				ONLY_ACTIVE_ARCH = YES;
				SDKROOT = iphoneos;
				SWIFT_ACTIVE_COMPILATION_CONDITIONS = DEBUG;
				SWIFT_OPTIMIZATION_LEVEL = "-Onone";
			};
			name = Debug;
		};
		1769242529101667007F42D2 /* Release */ = {
			isa = XCBuildConfiguration;
			buildSettings = {
				ALWAYS_SEARCH_USER_PATHS = NO;
				CLANG_ANALYZER_NONNULL = YES;
				CLANG_ANALYZER_NUMBER_OBJECT_CONVERSION = YES_AGGRESSIVE;
				CLANG_CXX_LANGUAGE_STANDARD = "gnu++20";
				CLANG_ENABLE_MODULES = YES;
				CLANG_ENABLE_OBJC_ARC = YES;
				CLANG_ENABLE_OBJC_WEAK = YES;
				CLANG_WARN_BLOCK_CAPTURE_AUTORELEASING = YES;
				CLANG_WARN_BOOL_CONVERSION = YES;
				CLANG_WARN_COMMA = YES;
				CLANG_WARN_CONSTANT_CONVERSION = YES;
				CLANG_WARN_DEPRECATED_OBJC_IMPLEMENTATIONS = YES;
				CLANG_WARN_DIRECT_OBJC_ISA_USAGE = YES_ERROR;
				CLANG_WARN_DOCUMENTATION_COMMENTS = YES;
				CLANG_WARN_EMPTY_BODY = YES;
				CLANG_WARN_ENUM_CONVERSION = YES;
				CLANG_WARN_INFINITE_RECURSION = YES;
				CLANG_WARN_INT_CONVERSION = YES;
				CLANG_WARN_NON_LITERAL_NULL_CONVERSION = YES;
				CLANG_WARN_OBJC_IMPLICIT_RETAIN_SELF = YES;
				CLANG_WARN_OBJC_LITERAL_CONVERSION = YES;
				CLANG_WARN_OBJC_ROOT_CLASS = YES_ERROR;
				CLANG_WARN_QUOTED_INCLUDE_IN_FRAMEWORK_HEADER = YES;
				CLANG_WARN_RANGE_LOOP_ANALYSIS = YES;
				CLANG_WARN_STRICT_PROTOTYPES = YES;
				CLANG_WARN_SUSPICIOUS_MOVE = YES;
				CLANG_WARN_UNGUARDED_AVAILABILITY = YES_AGGRESSIVE;
				CLANG_WARN_UNREACHABLE_CODE = YES;
				CLANG_WARN__DUPLICATE_METHOD_MATCH = YES;
				COPY_PHASE_STRIP = NO;
				DEBUG_INFORMATION_FORMAT = "dwarf-with-dsym";
				ENABLE_NS_ASSERTIONS = NO;
				ENABLE_STRICT_OBJC_MSGSEND = YES;
				GCC_C_LANGUAGE_STANDARD = gnu11;
				GCC_NO_COMMON_BLOCKS = YES;
				GCC_WARN_64_TO_32_BIT_CONVERSION = YES;
				GCC_WARN_ABOUT_RETURN_TYPE = YES_ERROR;
				GCC_WARN_UNDECLARED_SELECTOR = YES;
				GCC_WARN_UNINITIALIZED_AUTOS = YES_AGGRESSIVE;
				GCC_WARN_UNUSED_FUNCTION = YES;
				GCC_WARN_UNUSED_VARIABLE = YES;
				IPHONEOS_DEPLOYMENT_TARGET = 16.0;
				MTL_ENABLE_DEBUG_INFO = NO;
				MTL_FAST_MATH = YES;
				SDKROOT = iphoneos;
				SWIFT_COMPILATION_MODE = wholemodule;
				SWIFT_OPTIMIZATION_LEVEL = "-O";
				VALIDATE_PRODUCT = YES;
			};
			name = Release;
		};
		1769242729101667007F42D2 /* Debug */ = {
			isa = XCBuildConfiguration;
			buildSettings = {
				ASSETCATALOG_COMPILER_APPICON_NAME = AppIcon;
				ASSETCATALOG_COMPILER_GLOBAL_ACCENT_COLOR_NAME = AccentColor;
				CODE_SIGN_STYLE = Automatic;
				CURRENT_PROJECT_VERSION = 1;
				DEVELOPMENT_TEAM = JH7VUP2CH4;
				GENERATE_INFOPLIST_FILE = YES;
				INFOPLIST_FILE = "Reverse-Translation/Info.plist";
				INFOPLIST_KEY_CFBundleDisplayName = "תרגום הפוך";
				INFOPLIST_KEY_UIApplicationSupportsIndirectInputEvents = YES;
				INFOPLIST_KEY_UILaunchStoryboardName = LaunchScreen;
				INFOPLIST_KEY_UIMainStoryboardFile = Main;
				INFOPLIST_KEY_UISupportedInterfaceOrientations_iPad = "UIInterfaceOrientationPortrait UIInterfaceOrientationPortraitUpsideDown UIInterfaceOrientationLandscapeLeft UIInterfaceOrientationLandscapeRight";
				INFOPLIST_KEY_UISupportedInterfaceOrientations_iPhone = "UIInterfaceOrientationPortrait UIInterfaceOrientationLandscapeLeft UIInterfaceOrientationLandscapeRight";
				IPHONEOS_DEPLOYMENT_TARGET = 13.0;
				LD_RUNPATH_SEARCH_PATHS = (
					"$(inherited)",
					"@executable_path/Frameworks",
				);
				MARKETING_VERSION = 1.0;
				PRODUCT_BUNDLE_IDENTIFIER = "com.Oran.Reverse-Translation";
				PRODUCT_NAME = "$(TARGET_NAME)";
				SUPPORTED_PLATFORMS = "iphoneos iphonesimulator";
				SUPPORTS_MACCATALYST = NO;
				SUPPORTS_MAC_DESIGNED_FOR_IPHONE_IPAD = NO;
				SWIFT_EMIT_LOC_STRINGS = YES;
				SWIFT_VERSION = 5.0;
				TARGETED_DEVICE_FAMILY = "1,2";
			};
			name = Debug;
		};
		1769242829101667007F42D2 /* Release */ = {
			isa = XCBuildConfiguration;
			buildSettings = {
				ASSETCATALOG_COMPILER_APPICON_NAME = AppIcon;
				ASSETCATALOG_COMPILER_GLOBAL_ACCENT_COLOR_NAME = AccentColor;
				CODE_SIGN_STYLE = Automatic;
				CURRENT_PROJECT_VERSION = 1;
				DEVELOPMENT_TEAM = JH7VUP2CH4;
				GENERATE_INFOPLIST_FILE = YES;
				INFOPLIST_FILE = "Reverse-Translation/Info.plist";
				INFOPLIST_KEY_CFBundleDisplayName = "תרגום הפוך";
				INFOPLIST_KEY_UIApplicationSupportsIndirectInputEvents = YES;
				INFOPLIST_KEY_UILaunchStoryboardName = LaunchScreen;
				INFOPLIST_KEY_UIMainStoryboardFile = Main;
				INFOPLIST_KEY_UISupportedInterfaceOrientations_iPad = "UIInterfaceOrientationPortrait UIInterfaceOrientationPortraitUpsideDown UIInterfaceOrientationLandscapeLeft UIInterfaceOrientationLandscapeRight";
				INFOPLIST_KEY_UISupportedInterfaceOrientations_iPhone = "UIInterfaceOrientationPortrait UIInterfaceOrientationLandscapeLeft UIInterfaceOrientationLandscapeRight";
				IPHONEOS_DEPLOYMENT_TARGET = 13.0;
				LD_RUNPATH_SEARCH_PATHS = (
					"$(inherited)",
					"@executable_path/Frameworks",
				);
				MARKETING_VERSION = 1.0;
				PRODUCT_BUNDLE_IDENTIFIER = "com.Oran.Reverse-Translation";
				PRODUCT_NAME = "$(TARGET_NAME)";
				SUPPORTED_PLATFORMS = "iphoneos iphonesimulator";
				SUPPORTS_MACCATALYST = NO;
				SUPPORTS_MAC_DESIGNED_FOR_IPHONE_IPAD = NO;
				SWIFT_EMIT_LOC_STRINGS = YES;
				SWIFT_VERSION = 5.0;
				TARGETED_DEVICE_FAMILY = "1,2";
			};
			name = Release;
		};
		17B407CD2915359100A83283 /* Debug */ = {
			isa = XCBuildConfiguration;
			buildSettings = {
				ASSETCATALOG_COMPILER_APPICON_NAME = AppIcon;
				ASSETCATALOG_COMPILER_GLOBAL_ACCENT_COLOR_NAME = AccentColor;
				ASSETCATALOG_COMPILER_INCLUDE_ALL_APPICON_ASSETS = YES;
				CODE_SIGN_ENTITLEMENTS = "Reverse-Translation-Mac/Reverse_Translation_Mac.entitlements";
				CODE_SIGN_STYLE = Automatic;
				COMBINE_HIDPI_IMAGES = YES;
				CURRENT_PROJECT_VERSION = 1;
				DEVELOPMENT_TEAM = JH7VUP2CH4;
				ENABLE_HARDENED_RUNTIME = YES;
				GENERATE_INFOPLIST_FILE = YES;
				INFOPLIST_KEY_CFBundleDisplayName = "תרגום הפוך";
				INFOPLIST_KEY_NSHumanReadableCopyright = "";
				INFOPLIST_KEY_NSMainStoryboardFile = Main;
				INFOPLIST_KEY_NSPrincipalClass = NSApplication;
				LD_RUNPATH_SEARCH_PATHS = (
					"$(inherited)",
					"@executable_path/../Frameworks",
				);
				MACOSX_DEPLOYMENT_TARGET = 11.0;
				MARKETING_VERSION = 1.0;
				PRODUCT_BUNDLE_IDENTIFIER = "com.Oran.Reverse-Translation-Mac";
				PRODUCT_NAME = "$(TARGET_NAME)";
				SDKROOT = macosx;
				SWIFT_EMIT_LOC_STRINGS = YES;
				SWIFT_VERSION = 5.0;
			};
			name = Debug;
		};
		17B407CE2915359100A83283 /* Release */ = {
			isa = XCBuildConfiguration;
			buildSettings = {
				ASSETCATALOG_COMPILER_APPICON_NAME = AppIcon;
				ASSETCATALOG_COMPILER_GLOBAL_ACCENT_COLOR_NAME = AccentColor;
				ASSETCATALOG_COMPILER_INCLUDE_ALL_APPICON_ASSETS = YES;
				CODE_SIGN_ENTITLEMENTS = "Reverse-Translation-Mac/Reverse_Translation_Mac.entitlements";
				CODE_SIGN_STYLE = Automatic;
				COMBINE_HIDPI_IMAGES = YES;
				CURRENT_PROJECT_VERSION = 1;
				DEVELOPMENT_TEAM = JH7VUP2CH4;
				ENABLE_HARDENED_RUNTIME = YES;
				GENERATE_INFOPLIST_FILE = YES;
				INFOPLIST_KEY_CFBundleDisplayName = "תרגום הפוך";
				INFOPLIST_KEY_NSHumanReadableCopyright = "";
				INFOPLIST_KEY_NSMainStoryboardFile = Main;
				INFOPLIST_KEY_NSPrincipalClass = NSApplication;
				LD_RUNPATH_SEARCH_PATHS = (
					"$(inherited)",
					"@executable_path/../Frameworks",
				);
				MACOSX_DEPLOYMENT_TARGET = 11.0;
				MARKETING_VERSION = 1.0;
				PRODUCT_BUNDLE_IDENTIFIER = "com.Oran.Reverse-Translation-Mac";
				PRODUCT_NAME = "$(TARGET_NAME)";
				SDKROOT = macosx;
				SWIFT_EMIT_LOC_STRINGS = YES;
				SWIFT_VERSION = 5.0;
			};
			name = Release;
		};
/* End XCBuildConfiguration section */

/* Begin XCConfigurationList section */
		1769240D29101667007F42D2 /* Build configuration list for PBXProject "Reverse-Translation" */ = {
			isa = XCConfigurationList;
			buildConfigurations = (
				1769242429101667007F42D2 /* Debug */,
				1769242529101667007F42D2 /* Release */,
			);
			defaultConfigurationIsVisible = 0;
			defaultConfigurationName = Release;
		};
		1769242629101667007F42D2 /* Build configuration list for PBXNativeTarget "Reverse-Translation-iPhone" */ = {
			isa = XCConfigurationList;
			buildConfigurations = (
				1769242729101667007F42D2 /* Debug */,
				1769242829101667007F42D2 /* Release */,
			);
			defaultConfigurationIsVisible = 0;
			defaultConfigurationName = Release;
		};
		17B407CC2915359100A83283 /* Build configuration list for PBXNativeTarget "תרגום הפוך" */ = {
			isa = XCConfigurationList;
			buildConfigurations = (
				17B407CD2915359100A83283 /* Debug */,
				17B407CE2915359100A83283 /* Release */,
			);
			defaultConfigurationIsVisible = 0;
			defaultConfigurationName = Release;
		};
/* End XCConfigurationList section */
	};
	rootObject = 1769240A29101667007F42D2 /* Project object */;
}
